<Solution>
  <Project Path="src/Core/TheSingularityWorkshop.MicroBundleRepository.Core/TheSingularityWorkshop.MicroBundleRepository.Core.csproj" />
  <Project Path="src/Azure/TheSingularityWorkshop.MicroBundleRepository.Azure/TheSingularityWorkshop.MicroBundleRepository.Azure.csproj" />
  <Project Path="tests/Core/TheSingularityWorkshop.MicroBundleRepository.Core.Tests/TheSingularityWorkshop.MicroBundleRepository.Core.Tests.csproj" />
  <Project Path="tests/Azure/TheSingularityWorkshop.MicroBundleRepository.Azure.Tests/TheSingularityWorkshop.MicroBundleRepository.Azure.Tests.csproj" />
</Solution>
